
Microsoft Visual Studio Solution File, Format Version 12.00
# Visual Studio 15
VisualStudioVersion = 15.0.27703.2042
MinimumVisualStudioVersion = 10.0.40219.1
Project("{FAE04EC0-301F-11D3-BF4B-00C04F79EFBC}") = "Tracker", "Tracker\Tracker.csproj", "{FAF4BEAC-1E59-4014-9692-90D93012051E}"
EndProject
Global
	GlobalSection(SolutionConfigurationPlatforms) = preSolution
		Debug|Any CPU = Debug|Any CPU
		Release|Any CPU = Release|Any CPU
	EndGlobalSection
	GlobalSection(ProjectConfigurationPlatforms) = postSolution
		{FAF4BEAC-1E59-4014-9692-90D93012051E}.Debug|Any CPU.ActiveCfg = Debug|Any CPU
		{FAF4BEAC-1E59-4014-9692-90D93012051E}.Debug|Any CPU.Build.0 = Debug|Any CPU
		{FAF4BEAC-1E59-4014-9692-90D93012051E}.Debug|Any CPU.Deploy.0 = Debug|Any CPU
		{FAF4BEAC-1E59-4014-9692-90D93012051E}.Release|Any CPU.ActiveCfg = Release|Any CPU
		{FAF4BEAC-1E59-4014-9692-90D93012051E}.Release|Any CPU.Build.0 = Release|Any CPU
		{FAF4BEAC-1E59-4014-9692-90D93012051E}.Release|Any CPU.Deploy.0 = Release|Any CPU
	EndGlobalSection
	GlobalSection(SolutionProperties) = preSolution
		HideSolutionNode = FALSE
	EndGlobalSection
	GlobalSection(ExtensibilityGlobals) = postSolution
		SolutionGuid = {53E4FB53-89C8-4A74-96CA-163B4BBA41AD}
	EndGlobalSection
EndGlobal
